
Microsoft Visual Studio Solution File, Format Version 10.00
# Visual Studio 2008
Project("{D183A3D8-5FD8-494B-B014-37F57B35E655}") = "SSIS", "SSIS\SSIS.dtproj", "{3503F485-3683-415E-B703-10D162D9D1B1}"
EndProject
Global
	GlobalSection(SolutionConfigurationPlatforms) = preSolution
		Development|Default = Development|Default
	EndGlobalSection
	GlobalSection(ProjectConfigurationPlatforms) = postSolution
		{3503F485-3683-415E-B703-10D162D9D1B1}.Development|Default.ActiveCfg = Development
		{3503F485-3683-415E-B703-10D162D9D1B1}.Development|Default.Build.0 = Development
	EndGlobalSection
	GlobalSection(SolutionProperties) = preSolution
		HideSolutionNode = FALSE
	EndGlobalSection
EndGlobal
